// !$*UTF8*$!
{
	archiveVersion = 1;
	classes = {
	};
	objectVersion = 56;
	objects = {

/* Begin PBXBuildFile section */
		CC35275C299D0B8F00B1F373 /* HeaderHeroView.swift in Sources */ = {isa = PBXBuildFile; fileRef = CC35275B299D0B8F00B1F373 /* HeaderHeroView.swift */; };
		CC35275E299D15C300B1F373 /* HomeView.swift in Sources */ = {isa = PBXBuildFile; fileRef = CC35275D299D15C300B1F373 /* HomeView.swift */; };
		CC352760299D164A00B1F373 /* MenuView.swift in Sources */ = {isa = PBXBuildFile; fileRef = CC35275F299D164A00B1F373 /* MenuView.swift */; };
		CC352762299D29A300B1F373 /* UserProfileView.swift in Sources */ = {isa = PBXBuildFile; fileRef = CC352761299D29A300B1F373 /* UserProfileView.swift */; };
		CC352765299D3E0A00B1F373 /* FetchedObjects.swift in Sources */ = {isa = PBXBuildFile; fileRef = CC352763299D3E0A00B1F373 /* FetchedObjects.swift */; };
		CC352766299D3E0A00B1F373 /* Persistence.swift in Sources */ = {isa = PBXBuildFile; fileRef = CC352764299D3E0A00B1F373 /* Persistence.swift */; };
		CC35276B299D3F0400B1F373 /* MenuListModel.swift in Sources */ = {isa = PBXBuildFile; fileRef = CC35276A299D3F0400B1F373 /* MenuListModel.swift */; };
		CC35276D299D3F1500B1F373 /* MenuItemModel.swift in Sources */ = {isa = PBXBuildFile; fileRef = CC35276C299D3F1500B1F373 /* MenuItemModel.swift */; };
		CC352770299D520800B1F373 /* ExampleDatabase.xcdatamodeld in Sources */ = {isa = PBXBuildFile; fileRef = CC35276E299D520800B1F373 /* ExampleDatabase.xcdatamodeld */; };
		CC4D8841299BDB7100DB6D26 /* LittleLemonRestaurantApp.swift in Sources */ = {isa = PBXBuildFile; fileRef = CC4D8840299BDB7100DB6D26 /* LittleLemonRestaurantApp.swift */; };
		CC4D8845299BDB7300DB6D26 /* Assets.xcassets in Resources */ = {isa = PBXBuildFile; fileRef = CC4D8844299BDB7300DB6D26 /* Assets.xcassets */; };
		CC4D8848299BDB7300DB6D26 /* Preview Assets.xcassets in Resources */ = {isa = PBXBuildFile; fileRef = CC4D8847299BDB7300DB6D26 /* Preview Assets.xcassets */; };
		CC4D8850299C423200DB6D26 /* MarkaziText.ttf in Resources */ = {isa = PBXBuildFile; fileRef = CC4D884F299C423200DB6D26 /* MarkaziText.ttf */; };
		CC4D8857299C530700DB6D26 /* Karla.ttf in Resources */ = {isa = PBXBuildFile; fileRef = CC4D8856299C530700DB6D26 /* Karla.ttf */; };
		CC4D8859299C555000DB6D26 /* OnboardingView.swift in Sources */ = {isa = PBXBuildFile; fileRef = CC4D8858299C555000DB6D26 /* OnboardingView.swift */; };
		CCE5C2AB299DBF730010EC6F /* MenuBreakdownView.swift in Sources */ = {isa = PBXBuildFile; fileRef = CCE5C2AA299DBF730010EC6F /* MenuBreakdownView.swift */; };
		CCE5C2AE299DC2F40010EC6F /* MenuViewViewModel.swift in Sources */ = {isa = PBXBuildFile; fileRef = CCE5C2AD299DC2F40010EC6F /* MenuViewViewModel.swift */; };
		CCE5C2B0299DC8120010EC6F /* ItemDescriptionView.swift in Sources */ = {isa = PBXBuildFile; fileRef = CCE5C2AF299DC8120010EC6F /* ItemDescriptionView.swift */; };
/* End PBXBuildFile section */

/* Begin PBXFileReference section */
		CC35275B299D0B8F00B1F373 /* HeaderHeroView.swift */ = {isa = PBXFileReference; lastKnownFileType = sourcecode.swift; path = HeaderHeroView.swift; sourceTree = "<group>"; };
		CC35275D299D15C300B1F373 /* HomeView.swift */ = {isa = PBXFileReference; lastKnownFileType = sourcecode.swift; path = HomeView.swift; sourceTree = "<group>"; };
		CC35275F299D164A00B1F373 /* MenuView.swift */ = {isa = PBXFileReference; lastKnownFileType = sourcecode.swift; path = MenuView.swift; sourceTree = "<group>"; };
		CC352761299D29A300B1F373 /* UserProfileView.swift */ = {isa = PBXFileReference; lastKnownFileType = sourcecode.swift; path = UserProfileView.swift; sourceTree = "<group>"; };
		CC352763299D3E0A00B1F373 /* FetchedObjects.swift */ = {isa = PBXFileReference; fileEncoding = 4; lastKnownFileType = sourcecode.swift; path = FetchedObjects.swift; sourceTree = "<group>"; };
		CC352764299D3E0A00B1F373 /* Persistence.swift */ = {isa = PBXFileReference; fileEncoding = 4; lastKnownFileType = sourcecode.swift; path = Persistence.swift; sourceTree = "<group>"; };
		CC35276A299D3F0400B1F373 /* MenuListModel.swift */ = {isa = PBXFileReference; lastKnownFileType = sourcecode.swift; path = MenuListModel.swift; sourceTree = "<group>"; };
		CC35276C299D3F1500B1F373 /* MenuItemModel.swift */ = {isa = PBXFileReference; lastKnownFileType = sourcecode.swift; path = MenuItemModel.swift; sourceTree = "<group>"; };
		CC35276F299D520800B1F373 /* ExampleDatabase.xcdatamodel */ = {isa = PBXFileReference; lastKnownFileType = wrapper.xcdatamodel; path = ExampleDatabase.xcdatamodel; sourceTree = "<group>"; };
		CC4D883D299BDB7100DB6D26 /* LittleLemonRestaurant.app */ = {isa = PBXFileReference; explicitFileType = wrapper.application; includeInIndex = 0; path = LittleLemonRestaurant.app; sourceTree = BUILT_PRODUCTS_DIR; };
		CC4D8840299BDB7100DB6D26 /* LittleLemonRestaurantApp.swift */ = {isa = PBXFileReference; lastKnownFileType = sourcecode.swift; path = LittleLemonRestaurantApp.swift; sourceTree = "<group>"; };
		CC4D8844299BDB7300DB6D26 /* Assets.xcassets */ = {isa = PBXFileReference; lastKnownFileType = folder.assetcatalog; path = Assets.xcassets; sourceTree = "<group>"; };
		CC4D8847299BDB7300DB6D26 /* Preview Assets.xcassets */ = {isa = PBXFileReference; lastKnownFileType = folder.assetcatalog; path = "Preview Assets.xcassets"; sourceTree = "<group>"; };
		CC4D884F299C423200DB6D26 /* MarkaziText.ttf */ = {isa = PBXFileReference; lastKnownFileType = file; path = MarkaziText.ttf; sourceTree = "<group>"; };
		CC4D8851299C432800DB6D26 /* Info.plist */ = {isa = PBXFileReference; lastKnownFileType = text.plist.xml; path = Info.plist; sourceTree = "<group>"; };
		CC4D8856299C530700DB6D26 /* Karla.ttf */ = {isa = PBXFileReference; lastKnownFileType = file; path = Karla.ttf; sourceTree = "<group>"; };
		CC4D8858299C555000DB6D26 /* OnboardingView.swift */ = {isa = PBXFileReference; lastKnownFileType = sourcecode.swift; path = OnboardingView.swift; sourceTree = "<group>"; };
		CCE5C2AA299DBF730010EC6F /* MenuBreakdownView.swift */ = {isa = PBXFileReference; lastKnownFileType = sourcecode.swift; path = MenuBreakdownView.swift; sourceTree = "<group>"; };
		CCE5C2AD299DC2F40010EC6F /* MenuViewViewModel.swift */ = {isa = PBXFileReference; lastKnownFileType = sourcecode.swift; path = MenuViewViewModel.swift; sourceTree = "<group>"; };
		CCE5C2AF299DC8120010EC6F /* ItemDescriptionView.swift */ = {isa = PBXFileReference; lastKnownFileType = sourcecode.swift; path = ItemDescriptionView.swift; sourceTree = "<group>"; };
/* End PBXFileReference section */

/* Begin PBXFrameworksBuildPhase section */
		CC4D883A299BDB7100DB6D26 /* Frameworks */ = {
			isa = PBXFrameworksBuildPhase;
			buildActionMask = 2147483647;
			files = (
			);
			runOnlyForDeploymentPostprocessing = 0;
		};
/* End PBXFrameworksBuildPhase section */

/* Begin PBXGroup section */
		CC352767299D3EA200B1F373 /* Views */ = {
			isa = PBXGroup;
			children = (
				CC4D8858299C555000DB6D26 /* OnboardingView.swift */,
				CC35275D299D15C300B1F373 /* HomeView.swift */,
				CC352761299D29A300B1F373 /* UserProfileView.swift */,
				CC35275F299D164A00B1F373 /* MenuView.swift */,
				CCE5C2AF299DC8120010EC6F /* ItemDescriptionView.swift */,
				CC35275B299D0B8F00B1F373 /* HeaderHeroView.swift */,
				CCE5C2AA299DBF730010EC6F /* MenuBreakdownView.swift */,
			);
			path = Views;
			sourceTree = "<group>";
		};
		CC352768299D3EAC00B1F373 /* Models */ = {
			isa = PBXGroup;
			children = (
				CC35276A299D3F0400B1F373 /* MenuListModel.swift */,
				CC35276C299D3F1500B1F373 /* MenuItemModel.swift */,
			);
			path = Models;
			sourceTree = "<group>";
		};
		CC352769299D3EDC00B1F373 /* CoreData */ = {
			isa = PBXGroup;
			children = (
				CC352763299D3E0A00B1F373 /* FetchedObjects.swift */,
				CC352764299D3E0A00B1F373 /* Persistence.swift */,
				CC35276E299D520800B1F373 /* ExampleDatabase.xcdatamodeld */,
			);
			path = CoreData;
			sourceTree = "<group>";
		};
		CC4D8834299BDB7100DB6D26 = {
			isa = PBXGroup;
			children = (
				CC4D883F299BDB7100DB6D26 /* LittleLemonRestaurant */,
				CC4D883E299BDB7100DB6D26 /* Products */,
			);
			sourceTree = "<group>";
		};
		CC4D883E299BDB7100DB6D26 /* Products */ = {
			isa = PBXGroup;
			children = (
				CC4D883D299BDB7100DB6D26 /* LittleLemonRestaurant.app */,
			);
			name = Products;
			sourceTree = "<group>";
		};
		CC4D883F299BDB7100DB6D26 /* LittleLemonRestaurant */ = {
			isa = PBXGroup;
			children = (
				CC4D8840299BDB7100DB6D26 /* LittleLemonRestaurantApp.swift */,
				CC352767299D3EA200B1F373 /* Views */,
				CC352768299D3EAC00B1F373 /* Models */,
				CC352769299D3EDC00B1F373 /* CoreData */,
				CCE5C2AC299DC2D20010EC6F /* ViewModels */,
				CC4D8844299BDB7300DB6D26 /* Assets.xcassets */,
				CC4D8851299C432800DB6D26 /* Info.plist */,
				CC4D884E299C41D000DB6D26 /* CustomFonts */,
				CC4D8846299BDB7300DB6D26 /* Preview Content */,
			);
			path = LittleLemonRestaurant;
			sourceTree = "<group>";
		};
		CC4D8846299BDB7300DB6D26 /* Preview Content */ = {
			isa = PBXGroup;
			children = (
				CC4D8847299BDB7300DB6D26 /* Preview Assets.xcassets */,
			);
			path = "Preview Content";
			sourceTree = "<group>";
		};
		CC4D884E299C41D000DB6D26 /* CustomFonts */ = {
			isa = PBXGroup;
			children = (
				CC4D884F299C423200DB6D26 /* MarkaziText.ttf */,
				CC4D8856299C530700DB6D26 /* Karla.ttf */,
			);
			path = CustomFonts;
			sourceTree = "<group>";
		};
		CCE5C2AC299DC2D20010EC6F /* ViewModels */ = {
			isa = PBXGroup;
			children = (
				CCE5C2AD299DC2F40010EC6F /* MenuViewViewModel.swift */,
			);
			path = ViewModels;
			sourceTree = "<group>";
		};
/* End PBXGroup section */

/* Begin PBXNativeTarget section */
		CC4D883C299BDB7100DB6D26 /* LittleLemonRestaurant */ = {
			isa = PBXNativeTarget;
			buildConfigurationList = CC4D884B299BDB7300DB6D26 /* Build configuration list for PBXNativeTarget "LittleLemonRestaurant" */;
			buildPhases = (
				CC4D8839299BDB7100DB6D26 /* Sources */,
				CC4D883A299BDB7100DB6D26 /* Frameworks */,
				CC4D883B299BDB7100DB6D26 /* Resources */,
			);
			buildRules = (
			);
			dependencies = (
			);
			name = LittleLemonRestaurant;
			productName = LittleLemonRestaurant;
			productReference = CC4D883D299BDB7100DB6D26 /* LittleLemonRestaurant.app */;
			productType = "com.apple.product-type.application";
		};
/* End PBXNativeTarget section */

/* Begin PBXProject section */
		CC4D8835299BDB7100DB6D26 /* Project object */ = {
			isa = PBXProject;
			attributes = {
				BuildIndependentTargetsInParallel = 1;
				LastSwiftUpdateCheck = 1410;
				LastUpgradeCheck = 1410;
				TargetAttributes = {
					CC4D883C299BDB7100DB6D26 = {
						CreatedOnToolsVersion = 14.1;
					};
				};
			};
			buildConfigurationList = CC4D8838299BDB7100DB6D26 /* Build configuration list for PBXProject "LittleLemonRestaurant" */;
			compatibilityVersion = "Xcode 14.0";
			developmentRegion = en;
			hasScannedForEncodings = 0;
			knownRegions = (
				en,
				Base,
			);
			mainGroup = CC4D8834299BDB7100DB6D26;
			productRefGroup = CC4D883E299BDB7100DB6D26 /* Products */;
			projectDirPath = "";
			projectRoot = "";
			targets = (
				CC4D883C299BDB7100DB6D26 /* LittleLemonRestaurant */,
			);
		};
/* End PBXProject section */

/* Begin PBXResourcesBuildPhase section */
		CC4D883B299BDB7100DB6D26 /* Resources */ = {
			isa = PBXResourcesBuildPhase;
			buildActionMask = 2147483647;
			files = (
				CC4D8857299C530700DB6D26 /* Karla.ttf in Resources */,
				CC4D8848299BDB7300DB6D26 /* Preview Assets.xcassets in Resources */,
				CC4D8850299C423200DB6D26 /* MarkaziText.ttf in Resources */,
				CC4D8845299BDB7300DB6D26 /* Assets.xcassets in Resources */,
			);
			runOnlyForDeploymentPostprocessing = 0;
		};
/* End PBXResourcesBuildPhase section */

/* Begin PBXSourcesBuildPhase section */
		CC4D8839299BDB7100DB6D26 /* Sources */ = {
			isa = PBXSourcesBuildPhase;
			buildActionMask = 2147483647;
			files = (
				CCE5C2B0299DC8120010EC6F /* ItemDescriptionView.swift in Sources */,
				CC352770299D520800B1F373 /* ExampleDatabase.xcdatamodeld in Sources */,
				CC352760299D164A00B1F373 /* MenuView.swift in Sources */,
				CC352766299D3E0A00B1F373 /* Persistence.swift in Sources */,
				CC352762299D29A300B1F373 /* UserProfileView.swift in Sources */,
				CC4D8859299C555000DB6D26 /* OnboardingView.swift in Sources */,
				CC35275E299D15C300B1F373 /* HomeView.swift in Sources */,
				CC4D8841299BDB7100DB6D26 /* LittleLemonRestaurantApp.swift in Sources */,
				CC352765299D3E0A00B1F373 /* FetchedObjects.swift in Sources */,
				CCE5C2AE299DC2F40010EC6F /* MenuViewViewModel.swift in Sources */,
				CC35275C299D0B8F00B1F373 /* HeaderHeroView.swift in Sources */,
				CC35276B299D3F0400B1F373 /* MenuListModel.swift in Sources */,
				CC35276D299D3F1500B1F373 /* MenuItemModel.swift in Sources */,
				CCE5C2AB299DBF730010EC6F /* MenuBreakdownView.swift in Sources */,
			);
			runOnlyForDeploymentPostprocessing = 0;
		};
/* End PBXSourcesBuildPhase section */

/* Begin XCBuildConfiguration section */
		CC4D8849299BDB7300DB6D26 /* Debug */ = {
			isa = XCBuildConfiguration;
			buildSettings = {
				ALWAYS_SEARCH_USER_PATHS = NO;
				CLANG_ANALYZER_NONNULL = YES;
				CLANG_ANALYZER_NUMBER_OBJECT_CONVERSION = YES_AGGRESSIVE;
				CLANG_CXX_LANGUAGE_STANDARD = "gnu++20";
				CLANG_ENABLE_MODULES = YES;
				CLANG_ENABLE_OBJC_ARC = YES;
				CLANG_ENABLE_OBJC_WEAK = YES;
				CLANG_WARN_BLOCK_CAPTURE_AUTORELEASING = YES;
				CLANG_WARN_BOOL_CONVERSION = YES;
				CLANG_WARN_COMMA = YES;
				CLANG_WARN_CONSTANT_CONVERSION = YES;
				CLANG_WARN_DEPRECATED_OBJC_IMPLEMENTATIONS = YES;
				CLANG_WARN_DIRECT_OBJC_ISA_USAGE = YES_ERROR;
				CLANG_WARN_DOCUMENTATION_COMMENTS = YES;
				CLANG_WARN_EMPTY_BODY = YES;
				CLANG_WARN_ENUM_CONVERSION = YES;
				CLANG_WARN_INFINITE_RECURSION = YES;
				CLANG_WARN_INT_CONVERSION = YES;
				CLANG_WARN_NON_LITERAL_NULL_CONVERSION = YES;
				CLANG_WARN_OBJC_IMPLICIT_RETAIN_SELF = YES;
				CLANG_WARN_OBJC_LITERAL_CONVERSION = YES;
				CLANG_WARN_OBJC_ROOT_CLASS = YES_ERROR;
				CLANG_WARN_QUOTED_INCLUDE_IN_FRAMEWORK_HEADER = YES;
				CLANG_WARN_RANGE_LOOP_ANALYSIS = YES;
				CLANG_WARN_STRICT_PROTOTYPES = YES;
				CLANG_WARN_SUSPICIOUS_MOVE = YES;
				CLANG_WARN_UNGUARDED_AVAILABILITY = YES_AGGRESSIVE;
				CLANG_WARN_UNREACHABLE_CODE = YES;
				CLANG_WARN__DUPLICATE_METHOD_MATCH = YES;
				COPY_PHASE_STRIP = NO;
				DEBUG_INFORMATION_FORMAT = dwarf;
				ENABLE_STRICT_OBJC_MSGSEND = YES;
				ENABLE_TESTABILITY = YES;
				GCC_C_LANGUAGE_STANDARD = gnu11;
				GCC_DYNAMIC_NO_PIC = NO;
				GCC_NO_COMMON_BLOCKS = YES;
				GCC_OPTIMIZATION_LEVEL = 0;
				GCC_PREPROCESSOR_DEFINITIONS = (
					"DEBUG=1",
					"$(inherited)",
				);
				GCC_WARN_64_TO_32_BIT_CONVERSION = YES;
				GCC_WARN_ABOUT_RETURN_TYPE = YES_ERROR;
				GCC_WARN_UNDECLARED_SELECTOR = YES;
				GCC_WARN_UNINITIALIZED_AUTOS = YES_AGGRESSIVE;
				GCC_WARN_UNUSED_FUNCTION = YES;
				GCC_WARN_UNUSED_VARIABLE = YES;
				IPHONEOS_DEPLOYMENT_TARGET = 16.1;
				MTL_ENABLE_DEBUG_INFO = INCLUDE_SOURCE;
				MTL_FAST_MATH = YES;
				ONLY_ACTIVE_ARCH = YES;
				SDKROOT = iphoneos;
				SWIFT_ACTIVE_COMPILATION_CONDITIONS = DEBUG;
				SWIFT_OPTIMIZATION_LEVEL = "-Onone";
			};
			name = Debug;
		};
		CC4D884A299BDB7300DB6D26 /* Release */ = {
			isa = XCBuildConfiguration;
			buildSettings = {
				ALWAYS_SEARCH_USER_PATHS = NO;
				CLANG_ANALYZER_NONNULL = YES;
				CLANG_ANALYZER_NUMBER_OBJECT_CONVERSION = YES_AGGRESSIVE;
				CLANG_CXX_LANGUAGE_STANDARD = "gnu++20";
				CLANG_ENABLE_MODULES = YES;
				CLANG_ENABLE_OBJC_ARC = YES;
				CLANG_ENABLE_OBJC_WEAK = YES;
				CLANG_WARN_BLOCK_CAPTURE_AUTORELEASING = YES;
				CLANG_WARN_BOOL_CONVERSION = YES;
				CLANG_WARN_COMMA = YES;
				CLANG_WARN_CONSTANT_CONVERSION = YES;
				CLANG_WARN_DEPRECATED_OBJC_IMPLEMENTATIONS = YES;
				CLANG_WARN_DIRECT_OBJC_ISA_USAGE = YES_ERROR;
				CLANG_WARN_DOCUMENTATION_COMMENTS = YES;
				CLANG_WARN_EMPTY_BODY = YES;
				CLANG_WARN_ENUM_CONVERSION = YES;
				CLANG_WARN_INFINITE_RECURSION = YES;
				CLANG_WARN_INT_CONVERSION = YES;
				CLANG_WARN_NON_LITERAL_NULL_CONVERSION = YES;
				CLANG_WARN_OBJC_IMPLICIT_RETAIN_SELF = YES;
				CLANG_WARN_OBJC_LITERAL_CONVERSION = YES;
				CLANG_WARN_OBJC_ROOT_CLASS = YES_ERROR;
				CLANG_WARN_QUOTED_INCLUDE_IN_FRAMEWORK_HEADER = YES;
				CLANG_WARN_RANGE_LOOP_ANALYSIS = YES;
				CLANG_WARN_STRICT_PROTOTYPES = YES;
				CLANG_WARN_SUSPICIOUS_MOVE = YES;
				CLANG_WARN_UNGUARDED_AVAILABILITY = YES_AGGRESSIVE;
				CLANG_WARN_UNREACHABLE_CODE = YES;
				CLANG_WARN__DUPLICATE_METHOD_MATCH = YES;
				COPY_PHASE_STRIP = NO;
				DEBUG_INFORMATION_FORMAT = "dwarf-with-dsym";
				ENABLE_NS_ASSERTIONS = NO;
				ENABLE_STRICT_OBJC_MSGSEND = YES;
				GCC_C_LANGUAGE_STANDARD = gnu11;
				GCC_NO_COMMON_BLOCKS = YES;
				GCC_WARN_64_TO_32_BIT_CONVERSION = YES;
				GCC_WARN_ABOUT_RETURN_TYPE = YES_ERROR;
				GCC_WARN_UNDECLARED_SELECTOR = YES;
				GCC_WARN_UNINITIALIZED_AUTOS = YES_AGGRESSIVE;
				GCC_WARN_UNUSED_FUNCTION = YES;
				GCC_WARN_UNUSED_VARIABLE = YES;
				IPHONEOS_DEPLOYMENT_TARGET = 16.1;
				MTL_ENABLE_DEBUG_INFO = NO;
				MTL_FAST_MATH = YES;
				SDKROOT = iphoneos;
				SWIFT_COMPILATION_MODE = wholemodule;
				SWIFT_OPTIMIZATION_LEVEL = "-O";
				VALIDATE_PRODUCT = YES;
			};
			name = Release;
		};
		CC4D884C299BDB7300DB6D26 /* Debug */ = {
			isa = XCBuildConfiguration;
			buildSettings = {
				ASSETCATALOG_COMPILER_APPICON_NAME = AppIcon;
				ASSETCATALOG_COMPILER_GLOBAL_ACCENT_COLOR_NAME = AccentColor;
				CODE_SIGN_STYLE = Automatic;
				CURRENT_PROJECT_VERSION = 1;
				DEVELOPMENT_ASSET_PATHS = "\"LittleLemonRestaurant/Preview Content\"";
				DEVELOPMENT_TEAM = 5ZQV4NQY6A;
				ENABLE_PREVIEWS = YES;
				GENERATE_INFOPLIST_FILE = YES;
				INFOPLIST_FILE = LittleLemonRestaurant/Info.plist;
				INFOPLIST_KEY_CFBundleDisplayName = "Little Lemon";
				INFOPLIST_KEY_UIApplicationSceneManifest_Generation = YES;
				INFOPLIST_KEY_UIApplicationSupportsIndirectInputEvents = YES;
				INFOPLIST_KEY_UILaunchScreen_Generation = YES;
				INFOPLIST_KEY_UISupportedInterfaceOrientations_iPad = "UIInterfaceOrientationPortrait UIInterfaceOrientationPortraitUpsideDown UIInterfaceOrientationLandscapeLeft UIInterfaceOrientationLandscapeRight";
				INFOPLIST_KEY_UISupportedInterfaceOrientations_iPhone = "UIInterfaceOrientationPortrait UIInterfaceOrientationLandscapeLeft UIInterfaceOrientationLandscapeRight";
				IPHONEOS_DEPLOYMENT_TARGET = 15.0;
				LD_RUNPATH_SEARCH_PATHS = (
					"$(inherited)",
					"@executable_path/Frameworks",
				);
				MARKETING_VERSION = 1.0;
				PRODUCT_BUNDLE_IDENTIFIER = com.bobcoleman.LittleLemonRestaurant;
				PRODUCT_NAME = "$(TARGET_NAME)";
				SWIFT_EMIT_LOC_STRINGS = YES;
				SWIFT_VERSION = 5.0;
				TARGETED_DEVICE_FAMILY = "1,2";
			};
			name = Debug;
		};
		CC4D884D299BDB7300DB6D26 /* Release */ = {
			isa = XCBuildConfiguration;
			buildSettings = {
				ASSETCATALOG_COMPILER_APPICON_NAME = AppIcon;
				ASSETCATALOG_COMPILER_GLOBAL_ACCENT_COLOR_NAME = AccentColor;
				CODE_SIGN_STYLE = Automatic;
				CURRENT_PROJECT_VERSION = 1;
				DEVELOPMENT_ASSET_PATHS = "\"LittleLemonRestaurant/Preview Content\"";
				DEVELOPMENT_TEAM = 5ZQV4NQY6A;
				ENABLE_PREVIEWS = YES;
				GENERATE_INFOPLIST_FILE = YES;
				INFOPLIST_FILE = LittleLemonRestaurant/Info.plist;
				INFOPLIST_KEY_CFBundleDisplayName = "Little Lemon";
				INFOPLIST_KEY_UIApplicationSceneManifest_Generation = YES;
				INFOPLIST_KEY_UIApplicationSupportsIndirectInputEvents = YES;
				INFOPLIST_KEY_UILaunchScreen_Generation = YES;
				INFOPLIST_KEY_UISupportedInterfaceOrientations_iPad = "UIInterfaceOrientationPortrait UIInterfaceOrientationPortraitUpsideDown UIInterfaceOrientationLandscapeLeft UIInterfaceOrientationLandscapeRight";
				INFOPLIST_KEY_UISupportedInterfaceOrientations_iPhone = "UIInterfaceOrientationPortrait UIInterfaceOrientationLandscapeLeft UIInterfaceOrientationLandscapeRight";
				IPHONEOS_DEPLOYMENT_TARGET = 15.0;
				LD_RUNPATH_SEARCH_PATHS = (
					"$(inherited)",
					"@executable_path/Frameworks",
				);
				MARKETING_VERSION = 1.0;
				PRODUCT_BUNDLE_IDENTIFIER = com.bobcoleman.LittleLemonRestaurant;
				PRODUCT_NAME = "$(TARGET_NAME)";
				SWIFT_EMIT_LOC_STRINGS = YES;
				SWIFT_VERSION = 5.0;
				TARGETED_DEVICE_FAMILY = "1,2";
			};
			name = Release;
		};
/* End XCBuildConfiguration section */

/* Begin XCConfigurationList section */
		CC4D8838299BDB7100DB6D26 /* Build configuration list for PBXProject "LittleLemonRestaurant" */ = {
			isa = XCConfigurationList;
			buildConfigurations = (
				CC4D8849299BDB7300DB6D26 /* Debug */,
				CC4D884A299BDB7300DB6D26 /* Release */,
			);
			defaultConfigurationIsVisible = 0;
			defaultConfigurationName = Release;
		};
		CC4D884B299BDB7300DB6D26 /* Build configuration list for PBXNativeTarget "LittleLemonRestaurant" */ = {
			isa = XCConfigurationList;
			buildConfigurations = (
				CC4D884C299BDB7300DB6D26 /* Debug */,
				CC4D884D299BDB7300DB6D26 /* Release */,
			);
			defaultConfigurationIsVisible = 0;
			defaultConfigurationName = Release;
		};
/* End XCConfigurationList section */

/* Begin XCVersionGroup section */
		CC35276E299D520800B1F373 /* ExampleDatabase.xcdatamodeld */ = {
			isa = XCVersionGroup;
			children = (
				CC35276F299D520800B1F373 /* ExampleDatabase.xcdatamodel */,
			);
			currentVersion = CC35276F299D520800B1F373 /* ExampleDatabase.xcdatamodel */;
			path = ExampleDatabase.xcdatamodeld;
			sourceTree = "<group>";
			versionGroupType = wrapper.xcdatamodel;
		};
/* End XCVersionGroup section */
	};
	rootObject = CC4D8835299BDB7100DB6D26 /* Project object */;
}
